2
git https://github.com/lun-4/expiring-hash-map.zig commit-7d5e56935723b9c4c7aab1591978844f0ee44f30
git https://github.com/lun-4/libmagic.zig commit-8a683de07f86238cb1985abb3c6905eab92db9f8
git https://github.com/nektro/zig-extras commit-24fb8bc90898efa2f7c8fa094f9dab80d38ec55e
git https://github.com/nektro/zig-range commit-4b2f12808aa09be4b27a163efc424dd4e0415992
git https://github.com/truemedian/hzzp commit-575d9560af41687102bb993d4e956dd131d963be
git https://github.com/file/file tag-FILE5_42
git https://github.com/lun-4/libpcre.zig commit-e63a8087c768f313b0568ffa3b0341c0450dbde9
git https://github.com/lun-4/pcre-8.45 commit-d9246b592f055655ab903e5996bbff7405eba6ff
git https://github.com/lun-4/tunez commit-2f5aa39dba0e6f471f03f1a12ff0605aca93c5b6
git https://github.com/lun-4/zig-sqlite commit-a7bff7ea2186280a603a3f1081bf088f481fb8dc
git https://github.com/lun-4/zig-ulid commit-53fcdfae6c9af4f6cb142c106bb0e052d72982c4
